Microsoft Visual Studio Solution File, Format Version 12.00
# Visual Studio Version 17
VisualStudioVersion = 17.5.002.0
MinimumVisualStudioVersion = 10.0.40219.1
Project("{9A19103F-16F7-4668-BE54-9A1E7A4F7556}") = "Analysis", "Analysis\Analysis.csproj", "{E2BB3D1B-8A1F-4E9E-B6FE-F54F8CF1E985}"
EndProject
Global
	GlobalSection(SolutionConfigurationPlatforms) = preSolution
		Debug|Any CPU = Debug|Any CPU
		Release|Any CPU = Release|Any CPU
	EndGlobalSection
	GlobalSection(ProjectConfigurationPlatforms) = postSolution
		{E2BB3D1B-8A1F-4E9E-B6FE-F54F8CF1E985}.Debug|Any CPU.ActiveCfg = Debug|Any CPU
		{E2BB3D1B-8A1F-4E9E-B6FE-F54F8CF1E985}.Debug|Any CPU.Build.0 = Debug|Any CPU
		{E2BB3D1B-8A1F-4E9E-B6FE-F54F8CF1E985}.Release|Any CPU.ActiveCfg = Release|Any CPU
		{E2BB3D1B-8A1F-4E9E-B6FE-F54F8CF1E985}.Release|Any CPU.Build.0 = Release|Any CPU
	EndGlobalSection
	GlobalSection(SolutionProperties) = preSolution
		HideSolutionNode = FALSE
	EndGlobalSection
	GlobalSection(ExtensibilityGlobals) = postSolution
		SolutionGuid = {02EDF4E6-0C9F-4CBE-94E1-D6394862B509}
	EndGlobalSection
EndGlobal
